
Microsoft Visual Studio Solution File, Format Version 12.00
# Visual Studio Version 17
VisualStudioVersion = 17.9.34728.123
MinimumVisualStudioVersion = 10.0.40219.1
Project("{FAE04EC0-301F-11D3-BF4B-00C04F79EFBC}") = "GestionEmpleados", "GestionEmpleados\GestionEmpleados.csproj", "{1D49E63A-19F4-4CCE-91C8-4DE2F4C7DF52}"
EndProject
Global
	GlobalSection(SolutionConfigurationPlatforms) = preSolution
		Debug|Any CPU = Debug|Any CPU
		Release|Any CPU = Release|Any CPU
	EndGlobalSection
	GlobalSection(ProjectConfigurationPlatforms) = postSolution
		{1D49E63A-19F4-4CCE-91C8-4DE2F4C7DF52}.Debug|Any CPU.ActiveCfg = Debug|Any CPU
		{1D49E63A-19F4-4CCE-91C8-4DE2F4C7DF52}.Debug|Any CPU.Build.0 = Debug|Any CPU
		{1D49E63A-19F4-4CCE-91C8-4DE2F4C7DF52}.Release|Any CPU.ActiveCfg = Release|Any CPU
		{1D49E63A-19F4-4CCE-91C8-4DE2F4C7DF52}.Release|Any CPU.Build.0 = Release|Any CPU
	EndGlobalSection
	GlobalSection(SolutionProperties) = preSolution
		HideSolutionNode = FALSE
	EndGlobalSection
	GlobalSection(ExtensibilityGlobals) = postSolution
		SolutionGuid = {459D95AB-86BA-4BFA-A049-9EE92FA96166}
	EndGlobalSection
EndGlobal
